
Microsoft Visual Studio Solution File, Format Version 12.00
# Visual Studio Version 16
VisualStudioVersion = 16.0.29009.5
MinimumVisualStudioVersion = 10.0.40219.1
Project("{FAE04EC0-301F-11D3-BF4B-00C04F79EFBC}") = "Login_sql_injection", "Login_sql_injection\Login_sql_injection.csproj", "{E4040A2D-AA3C-4B4A-A5FA-FF157589D83F}"
EndProject
Global
	GlobalSection(SolutionConfigurationPlatforms) = preSolution
		Debug|Any CPU = Debug|Any CPU
		Release|Any CPU = Release|Any CPU
	EndGlobalSection
	GlobalSection(ProjectConfigurationPlatforms) = postSolution
		{E4040A2D-AA3C-4B4A-A5FA-FF157589D83F}.Debug|Any CPU.ActiveCfg = Debug|Any CPU
		{E4040A2D-AA3C-4B4A-A5FA-FF157589D83F}.Debug|Any CPU.Build.0 = Debug|Any CPU
		{E4040A2D-AA3C-4B4A-A5FA-FF157589D83F}.Release|Any CPU.ActiveCfg = Release|Any CPU
		{E4040A2D-AA3C-4B4A-A5FA-FF157589D83F}.Release|Any CPU.Build.0 = Release|Any CPU
	EndGlobalSection
	GlobalSection(SolutionProperties) = preSolution
		HideSolutionNode = FALSE
	EndGlobalSection
	GlobalSection(ExtensibilityGlobals) = postSolution
		SolutionGuid = {865FA522-5E0C-42BA-B120-EA60C121AA7E}
	EndGlobalSection
EndGlobal
