
Microsoft Visual Studio Solution File, Format Version 12.00
# Visual Studio 15
VisualStudioVersion = 15.0.27428.1
MinimumVisualStudioVersion = 10.0.40219.1
Project("{FAE04EC0-301F-11D3-BF4B-00C04F79EFBC}") = "WindowsFormsApp2", "WindowsFormsApp2\WindowsFormsApp2.csproj", "{5376CCF4-3475-43FC-A510-8BF97BB25DB1}"
EndProject
Global
	GlobalSection(SolutionConfigurationPlatforms) = preSolution
		Debug|Any CPU = Debug|Any CPU
		Release|Any CPU = Release|Any CPU
	EndGlobalSection
	GlobalSection(ProjectConfigurationPlatforms) = postSolution
		{5376CCF4-3475-43FC-A510-8BF97BB25DB1}.Debug|Any CPU.ActiveCfg = Debug|Any CPU
		{5376CCF4-3475-43FC-A510-8BF97BB25DB1}.Debug|Any CPU.Build.0 = Debug|Any CPU
		{5376CCF4-3475-43FC-A510-8BF97BB25DB1}.Release|Any CPU.ActiveCfg = Release|Any CPU
		{5376CCF4-3475-43FC-A510-8BF97BB25DB1}.Release|Any CPU.Build.0 = Release|Any CPU
	EndGlobalSection
	GlobalSection(SolutionProperties) = preSolution
		HideSolutionNode = FALSE
	EndGlobalSection
	GlobalSection(ExtensibilityGlobals) = postSolution
		SolutionGuid = {08FFB8C1-CA94-4129-AB2E-0D7E438C2F71}
	EndGlobalSection
EndGlobal
