
Microsoft Visual Studio Solution File, Format Version 12.00
# Visual Studio 15
VisualStudioVersion = 15.0.27703.2035
MinimumVisualStudioVersion = 10.0.40219.1
Project("{FAE04EC0-301F-11D3-BF4B-00C04F79EFBC}") = "SelectivityEstimation", "SelectivityEstimation\SelectivityEstimation.csproj", "{187E7AE0-A81F-484A-9E21-A241E204A472}"
EndProject
Global
	GlobalSection(SolutionConfigurationPlatforms) = preSolution
		Debug|Any CPU = Debug|Any CPU
		Release|Any CPU = Release|Any CPU
	EndGlobalSection
	GlobalSection(ProjectConfigurationPlatforms) = postSolution
		{187E7AE0-A81F-484A-9E21-A241E204A472}.Debug|Any CPU.ActiveCfg = Debug|Any CPU
		{187E7AE0-A81F-484A-9E21-A241E204A472}.Debug|Any CPU.Build.0 = Debug|Any CPU
		{187E7AE0-A81F-484A-9E21-A241E204A472}.Release|Any CPU.ActiveCfg = Release|Any CPU
		{187E7AE0-A81F-484A-9E21-A241E204A472}.Release|Any CPU.Build.0 = Release|Any CPU
	EndGlobalSection
	GlobalSection(SolutionProperties) = preSolution
		HideSolutionNode = FALSE
	EndGlobalSection
	GlobalSection(ExtensibilityGlobals) = postSolution
		SolutionGuid = {B427D5B7-4FEC-4222-BB86-3E27032F67AE}
	EndGlobalSection
EndGlobal
