
Microsoft Visual Studio Solution File, Format Version 12.00
# Visual Studio Version 16
VisualStudioVersion = 16.0.28803.156
MinimumVisualStudioVersion = 10.0.40219.1
Project("{FAE04EC0-301F-11D3-BF4B-00C04F79EFBC}") = "Login", "Login\Login.csproj", "{FFA6A320-6946-414B-9753-C636C83260D8}"
EndProject
Global
	GlobalSection(SolutionConfigurationPlatforms) = preSolution
		Debug|Any CPU = Debug|Any CPU
		Release|Any CPU = Release|Any CPU
	EndGlobalSection
	GlobalSection(ProjectConfigurationPlatforms) = postSolution
		{FFA6A320-6946-414B-9753-C636C83260D8}.Debug|Any CPU.ActiveCfg = Debug|Any CPU
		{FFA6A320-6946-414B-9753-C636C83260D8}.Debug|Any CPU.Build.0 = Debug|Any CPU
		{FFA6A320-6946-414B-9753-C636C83260D8}.Release|Any CPU.ActiveCfg = Release|Any CPU
		{FFA6A320-6946-414B-9753-C636C83260D8}.Release|Any CPU.Build.0 = Release|Any CPU
	EndGlobalSection
	GlobalSection(SolutionProperties) = preSolution
		HideSolutionNode = FALSE
	EndGlobalSection
	GlobalSection(ExtensibilityGlobals) = postSolution
		SolutionGuid = {B33BC3C8-48E1-449A-8FD4-656CB95B0B63}
	EndGlobalSection
EndGlobal
