
Microsoft Visual Studio Solution File, Format Version 12.00
# Visual Studio 15
VisualStudioVersion = 15.0.27130.2036
MinimumVisualStudioVersion = 10.0.40219.1
Project("{FAE04EC0-301F-11D3-BF4B-00C04F79EFBC}") = "LoginDemo", "LoginDemo\LoginDemo.csproj", "{042E51A9-8BBF-4089-91FE-141E93AA2CC7}"
EndProject
Global
	GlobalSection(SolutionConfigurationPlatforms) = preSolution
		Debug|Any CPU = Debug|Any CPU
		Release|Any CPU = Release|Any CPU
	EndGlobalSection
	GlobalSection(ProjectConfigurationPlatforms) = postSolution
		{042E51A9-8BBF-4089-91FE-141E93AA2CC7}.Debug|Any CPU.ActiveCfg = Debug|Any CPU
		{042E51A9-8BBF-4089-91FE-141E93AA2CC7}.Debug|Any CPU.Build.0 = Debug|Any CPU
		{042E51A9-8BBF-4089-91FE-141E93AA2CC7}.Release|Any CPU.ActiveCfg = Release|Any CPU
		{042E51A9-8BBF-4089-91FE-141E93AA2CC7}.Release|Any CPU.Build.0 = Release|Any CPU
	EndGlobalSection
	GlobalSection(SolutionProperties) = preSolution
		HideSolutionNode = FALSE
	EndGlobalSection
	GlobalSection(ExtensibilityGlobals) = postSolution
		SolutionGuid = {3ED64143-137F-4F45-A8DA-FCAEB62B37B8}
	EndGlobalSection
EndGlobal
