
Microsoft Visual Studio Solution File, Format Version 12.00
# Visual Studio 15
VisualStudioVersion = 15.0.27703.2026
MinimumVisualStudioVersion = 10.0.40219.1
Project("{FAE04EC0-301F-11D3-BF4B-00C04F79EFBC}") = "EW", "EW\EW.csproj", "{DB7DC8F5-9D0A-4D9A-BA99-89971C900DBD}"
EndProject
Global
	GlobalSection(SolutionConfigurationPlatforms) = preSolution
		Debug|Any CPU = Debug|Any CPU
		Release|Any CPU = Release|Any CPU
	EndGlobalSection
	GlobalSection(ProjectConfigurationPlatforms) = postSolution
		{DB7DC8F5-9D0A-4D9A-BA99-89971C900DBD}.Debug|Any CPU.ActiveCfg = Debug|Any CPU
		{DB7DC8F5-9D0A-4D9A-BA99-89971C900DBD}.Debug|Any CPU.Build.0 = Debug|Any CPU
		{DB7DC8F5-9D0A-4D9A-BA99-89971C900DBD}.Release|Any CPU.ActiveCfg = Release|Any CPU
		{DB7DC8F5-9D0A-4D9A-BA99-89971C900DBD}.Release|Any CPU.Build.0 = Release|Any CPU
	EndGlobalSection
	GlobalSection(SolutionProperties) = preSolution
		HideSolutionNode = FALSE
	EndGlobalSection
	GlobalSection(ExtensibilityGlobals) = postSolution
		SolutionGuid = {3C97E0F8-C999-4AA4-A074-54844F6D0D13}
	EndGlobalSection
EndGlobal
