
Microsoft Visual Studio Solution File, Format Version 12.00
# Visual Studio 15
VisualStudioVersion = 15.0.27130.2036
MinimumVisualStudioVersion = 10.0.40219.1
Project("{FAE04EC0-301F-11D3-BF4B-00C04F79EFBC}") = "DatabaseDemo", "DatabaseDemo\DatabaseDemo.csproj", "{B6888DA2-F8CA-4C7E-A773-D55CE963230F}"
EndProject
Global
	GlobalSection(SolutionConfigurationPlatforms) = preSolution
		Debug|Any CPU = Debug|Any CPU
		Release|Any CPU = Release|Any CPU
	EndGlobalSection
	GlobalSection(ProjectConfigurationPlatforms) = postSolution
		{B6888DA2-F8CA-4C7E-A773-D55CE963230F}.Debug|Any CPU.ActiveCfg = Debug|Any CPU
		{B6888DA2-F8CA-4C7E-A773-D55CE963230F}.Debug|Any CPU.Build.0 = Debug|Any CPU
		{B6888DA2-F8CA-4C7E-A773-D55CE963230F}.Release|Any CPU.ActiveCfg = Release|Any CPU
		{B6888DA2-F8CA-4C7E-A773-D55CE963230F}.Release|Any CPU.Build.0 = Release|Any CPU
	EndGlobalSection
	GlobalSection(SolutionProperties) = preSolution
		HideSolutionNode = FALSE
	EndGlobalSection
	GlobalSection(ExtensibilityGlobals) = postSolution
		SolutionGuid = {5728756F-72DC-407A-8C8C-40C956B513EC}
	EndGlobalSection
EndGlobal
